
Microsoft Visual Studio Solution File, Format Version 12.00
# Visual Studio Version 16
VisualStudioVersion = 16.0.30413.136
MinimumVisualStudioVersion = 10.0.40219.1
Project("{9A19103F-16F7-4668-BE54-9A1E7A4F7556}") = "ReflectionLab", "ReflectionLab\ReflectionLab.csproj", "{8C556AA9-5674-4829-867E-D6826225A9FD}"
EndProject
Project("{9A19103F-16F7-4668-BE54-9A1E7A4F7556}") = "LABXMLASerializer", "LABXMLASerializer\LABXMLASerializer.csproj", "{0AC3BB77-2ED6-4C7B-8558-AF89E6236A32}"
EndProject
Project("{FAE04EC0-301F-11D3-BF4B-00C04F79EFBC}") = "ReflectionLab.Models", "ReflectionLab.Models\ReflectionLab.Models.csproj", "{657C83C9-5B3F-462E-B005-0AE253C49824}"
EndProject
Global
	GlobalSection(SolutionConfigurationPlatforms) = preSolution
		Debug|Any CPU = Debug|Any CPU
		Release|Any CPU = Release|Any CPU
	EndGlobalSection
	GlobalSection(ProjectConfigurationPlatforms) = postSolution
		{8C556AA9-5674-4829-867E-D6826225A9FD}.Debug|Any CPU.ActiveCfg = Debug|Any CPU
		{8C556AA9-5674-4829-867E-D6826225A9FD}.Debug|Any CPU.Build.0 = Debug|Any CPU
		{8C556AA9-5674-4829-867E-D6826225A9FD}.Release|Any CPU.ActiveCfg = Release|Any CPU
		{8C556AA9-5674-4829-867E-D6826225A9FD}.Release|Any CPU.Build.0 = Release|Any CPU
		{0AC3BB77-2ED6-4C7B-8558-AF89E6236A32}.Debug|Any CPU.ActiveCfg = Debug|Any CPU
		{0AC3BB77-2ED6-4C7B-8558-AF89E6236A32}.Debug|Any CPU.Build.0 = Debug|Any CPU
		{0AC3BB77-2ED6-4C7B-8558-AF89E6236A32}.Release|Any CPU.ActiveCfg = Release|Any CPU
		{0AC3BB77-2ED6-4C7B-8558-AF89E6236A32}.Release|Any CPU.Build.0 = Release|Any CPU
		{657C83C9-5B3F-462E-B005-0AE253C49824}.Debug|Any CPU.ActiveCfg = Debug|Any CPU
		{657C83C9-5B3F-462E-B005-0AE253C49824}.Debug|Any CPU.Build.0 = Debug|Any CPU
		{657C83C9-5B3F-462E-B005-0AE253C49824}.Release|Any CPU.ActiveCfg = Release|Any CPU
		{657C83C9-5B3F-462E-B005-0AE253C49824}.Release|Any CPU.Build.0 = Release|Any CPU
	EndGlobalSection
	GlobalSection(SolutionProperties) = preSolution
		HideSolutionNode = FALSE
	EndGlobalSection
	GlobalSection(ExtensibilityGlobals) = postSolution
		SolutionGuid = {08EB164D-6DCB-4428-9489-458AF664FB68}
	EndGlobalSection
EndGlobal
